# This file is generated by running "yarn install" inside your project.
# Manual changes might be lost - proceed with caution!

__metadata:
  version: 8
  cacheKey: 10c0

"@ljharb/through@npm:^2.3.11":
  version: 2.3.11
  resolution: "@ljharb/through@npm:2.3.11"
  dependencies:
    call-bind: "npm:^1.0.2"
  checksum: 19cdaa9e4ba16aea9bb9dafbdd1c111febc0e5ce07b0959b049d7fda8a7247726603bb06b391f2d57227cf4ad081636d6f9e08dc138813225d54a6c81a04b679
  languageName: node
  linkType: hard

"ansi-escapes@npm:^4.3.2":
  version: 4.3.2
  resolution: "ansi-escapes@npm:4.3.2"
  dependencies:
    type-fest: "npm:^0.21.3"
  checksum: da917be01871525a3dfcf925ae2977bc59e8c513d4423368645634bf5d4ceba5401574eb705c1e92b79f7292af5a656f78c5725a4b0e1cec97c4b413705c1d50
  languageName: node
  linkType: hard

"ansi-regex@npm:^5.0.1":
  version: 5.0.1
  resolution: "ansi-regex@npm:5.0.1"
  checksum: 9a64bb8627b434ba9327b60c027742e5d17ac69277960d041898596271d992d4d52ba7267a63ca10232e29f6107fc8a835f6ce8d719b88c5f8493f8254813737
  languageName: node
  linkType: hard

"ansi-regex@npm:^6.0.1":
  version: 6.0.1
  resolution: "ansi-regex@npm:6.0.1"
  checksum: cbe16dbd2c6b2735d1df7976a7070dd277326434f0212f43abf6d87674095d247968209babdaad31bb00882fa68807256ba9be340eec2f1004de14ca75f52a08
  languageName: node
  linkType: hard

"ansi-styles@npm:^4.0.0, ansi-styles@npm:^4.1.0":
  version: 4.3.0
  resolution: "ansi-styles@npm:4.3.0"
  dependencies:
    color-convert: "npm:^2.0.1"
  checksum: 895a23929da416f2bd3de7e9cb4eabd340949328ab85ddd6e484a637d8f6820d485f53933446f5291c3b760cbc488beb8e88573dd0f9c7daf83dccc8fe81b041
  languageName: node
  linkType: hard

"archiver-utils@npm:^4.0.1":
  version: 4.0.1
  resolution: "archiver-utils@npm:4.0.1"
  dependencies:
    glob: "npm:^8.0.0"
    graceful-fs: "npm:^4.2.0"
    lazystream: "npm:^1.0.0"
    lodash: "npm:^4.17.15"
    normalize-path: "npm:^3.0.0"
    readable-stream: "npm:^3.6.0"
  checksum: fc646fe1f8e3650383b6f79384e1c8f69caf7685c705221e23393a674ee1d67331e246250a72b03ec2fbdb2cfe30adc2d4287f6357684d6843d604738bf2c870
  languageName: node
  linkType: hard

"archiver@npm:^6.0.1":
  version: 6.0.1
  resolution: "archiver@npm:6.0.1"
  dependencies:
    archiver-utils: "npm:^4.0.1"
    async: "npm:^3.2.4"
    buffer-crc32: "npm:^0.2.1"
    readable-stream: "npm:^3.6.0"
    readdir-glob: "npm:^1.1.2"
    tar-stream: "npm:^3.0.0"
    zip-stream: "npm:^5.0.1"
  checksum: 54c5a634b39691114e727d4b4f360439fa7cd40b414c9d909606fbfd7048037f7dccefa49337f9ed19b1f5c209e021ce5e1ff9c6b547907257bc71f1af6f8cf3
  languageName: node
  linkType: hard

"async@npm:^3.2.4":
  version: 3.2.5
  resolution: "async@npm:3.2.5"
  checksum: 1408287b26c6db67d45cb346e34892cee555b8b59e6c68e6f8c3e495cad5ca13b4f218180e871f3c2ca30df4ab52693b66f2f6ff43644760cab0b2198bda79c1
  languageName: node
  linkType: hard

"b4a@npm:^1.6.4":
  version: 1.6.4
  resolution: "b4a@npm:1.6.4"
  checksum: a0af707430c3643fd8d9418c732849d3626f1c9281489e021fcad969fb4808fb9f67b224de36b59c9c3b5a13d853482fee0c0eb53f7aec12d540fa67f63648b6
  languageName: node
  linkType: hard

"balanced-match@npm:^1.0.0":
  version: 1.0.2
  resolution: "balanced-match@npm:1.0.2"
  checksum: 9308baf0a7e4838a82bbfd11e01b1cb0f0cf2893bc1676c27c2a8c0e70cbae1c59120c3268517a8ae7fb6376b4639ef81ca22582611dbee4ed28df945134aaee
  languageName: node
  linkType: hard

"base64-js@npm:^1.3.1":
  version: 1.5.1
  resolution: "base64-js@npm:1.5.1"
  checksum: f23823513b63173a001030fae4f2dabe283b99a9d324ade3ad3d148e218134676f1ee8568c877cd79ec1c53158dcf2d2ba527a97c606618928ba99dd930102bf
  languageName: node
  linkType: hard

"bl@npm:^4.1.0":
  version: 4.1.0
  resolution: "bl@npm:4.1.0"
  dependencies:
    buffer: "npm:^5.5.0"
    inherits: "npm:^2.0.4"
    readable-stream: "npm:^3.4.0"
  checksum: 02847e1d2cb089c9dc6958add42e3cdeaf07d13f575973963335ac0fdece563a50ac770ac4c8fa06492d2dd276f6cc3b7f08c7cd9c7a7ad0f8d388b2a28def5f
  languageName: node
  linkType: hard

"brace-expansion@npm:^2.0.1":
  version: 2.0.1
  resolution: "brace-expansion@npm:2.0.1"
  dependencies:
    balanced-match: "npm:^1.0.0"
  checksum: b358f2fe060e2d7a87aa015979ecea07f3c37d4018f8d6deb5bd4c229ad3a0384fe6029bb76cd8be63c81e516ee52d1a0673edbe2023d53a5191732ae3c3e49f
  languageName: node
  linkType: hard

"buffer-crc32@npm:^0.2.1":
  version: 0.2.13
  resolution: "buffer-crc32@npm:0.2.13"
  checksum: cb0a8ddf5cf4f766466db63279e47761eb825693eeba6a5a95ee4ec8cb8f81ede70aa7f9d8aeec083e781d47154290eb5d4d26b3f7a465ec57fb9e7d59c47150
  languageName: node
  linkType: hard

"buffer@npm:^5.5.0":
  version: 5.7.1
  resolution: "buffer@npm:5.7.1"
  dependencies:
    base64-js: "npm:^1.3.1"
    ieee754: "npm:^1.1.13"
  checksum: 27cac81cff434ed2876058d72e7c4789d11ff1120ef32c9de48f59eab58179b66710c488987d295ae89a228f835fc66d088652dffeb8e3ba8659f80eb091d55e
  languageName: node
  linkType: hard

"call-bind@npm:^1.0.2":
  version: 1.0.5
  resolution: "call-bind@npm:1.0.5"
  dependencies:
    function-bind: "npm:^1.1.2"
    get-intrinsic: "npm:^1.2.1"
    set-function-length: "npm:^1.1.1"
  checksum: a6172c168fd6dacf744fcde745099218056bd755c50415b592655dcd6562157ed29f130f56c3f6db2250f67e4bd62e5c218cdc56d7bfd76e0bda50770fce2d10
  languageName: node
  linkType: hard

"chalk@npm:^4.1.0":
  version: 4.1.2
  resolution: "chalk@npm:4.1.2"
  dependencies:
    ansi-styles: "npm:^4.1.0"
    supports-color: "npm:^7.1.0"
  checksum: 4a3fef5cc34975c898ffe77141450f679721df9dde00f6c304353fa9c8b571929123b26a0e4617bde5018977eb655b31970c297b91b63ee83bb82aeb04666880
  languageName: node
  linkType: hard

"chalk@npm:^5.3.0":
  version: 5.3.0
  resolution: "chalk@npm:5.3.0"
  checksum: 8297d436b2c0f95801103ff2ef67268d362021b8210daf8ddbe349695333eb3610a71122172ff3b0272f1ef2cf7cc2c41fdaa4715f52e49ffe04c56340feed09
  languageName: node
  linkType: hard

"chardet@npm:^0.7.0":
  version: 0.7.0
  resolution: "chardet@npm:0.7.0"
  checksum: 96e4731b9ec8050cbb56ab684e8c48d6c33f7826b755802d14e3ebfdc51c57afeece3ea39bc6b09acc359e4363525388b915e16640c1378053820f5e70d0f27d
  languageName: node
  linkType: hard

"cli-cursor@npm:^3.1.0":
  version: 3.1.0
  resolution: "cli-cursor@npm:3.1.0"
  dependencies:
    restore-cursor: "npm:^3.1.0"
  checksum: 92a2f98ff9037d09be3dfe1f0d749664797fb674bf388375a2207a1203b69d41847abf16434203e0089212479e47a358b13a0222ab9fccfe8e2644a7ccebd111
  languageName: node
  linkType: hard

"cli-cursor@npm:^4.0.0":
  version: 4.0.0
  resolution: "cli-cursor@npm:4.0.0"
  dependencies:
    restore-cursor: "npm:^4.0.0"
  checksum: e776e8c3c6727300d0539b0d25160b2bb56aed1a63942753ba1826b012f337a6f4b7ace3548402e4f2f13b5e16bfd751be672c44b203205e7eca8be94afec42c
  languageName: node
  linkType: hard

"cli-spinners@npm:^2.5.0, cli-spinners@npm:^2.9.2":
  version: 2.9.2
  resolution: "cli-spinners@npm:2.9.2"
  checksum: 907a1c227ddf0d7a101e7ab8b300affc742ead4b4ebe920a5bf1bc6d45dce2958fcd195eb28fa25275062fe6fa9b109b93b63bc8033396ed3bcb50297008b3a3
  languageName: node
  linkType: hard

"cli-width@npm:^4.1.0":
  version: 4.1.0
  resolution: "cli-width@npm:4.1.0"
  checksum: 1fbd56413578f6117abcaf858903ba1f4ad78370a4032f916745fa2c7e390183a9d9029cf837df320b0fdce8137668e522f60a30a5f3d6529ff3872d265a955f
  languageName: node
  linkType: hard

"cliui@npm:^8.0.1":
  version: 8.0.1
  resolution: "cliui@npm:8.0.1"
  dependencies:
    string-width: "npm:^4.2.0"
    strip-ansi: "npm:^6.0.1"
    wrap-ansi: "npm:^7.0.0"
  checksum: 4bda0f09c340cbb6dfdc1ed508b3ca080f12992c18d68c6be4d9cf51756033d5266e61ec57529e610dacbf4da1c634423b0c1b11037709cc6b09045cbd815df5
  languageName: node
  linkType: hard

"clone@npm:^1.0.2":
  version: 1.0.4
  resolution: "clone@npm:1.0.4"
  checksum: 2176952b3649293473999a95d7bebfc9dc96410f6cbd3d2595cf12fd401f63a4bf41a7adbfd3ab2ff09ed60cb9870c58c6acdd18b87767366fabfc163700f13b
  languageName: node
  linkType: hard

"color-convert@npm:^2.0.1":
  version: 2.0.1
  resolution: "color-convert@npm:2.0.1"
  dependencies:
    color-name: "npm:~1.1.4"
  checksum: 37e1150172f2e311fe1b2df62c6293a342ee7380da7b9cfdba67ea539909afbd74da27033208d01d6d5cfc65ee7868a22e18d7e7648e004425441c0f8a15a7d7
  languageName: node
  linkType: hard

"color-name@npm:~1.1.4":
  version: 1.1.4
  resolution: "color-name@npm:1.1.4"
  checksum: a1a3f914156960902f46f7f56bc62effc6c94e84b2cae157a526b1c1f74b677a47ec602bf68a61abfa2b42d15b7c5651c6dbe72a43af720bc588dff885b10f95
  languageName: node
  linkType: hard

"commander@npm:^11.1.0":
  version: 11.1.0
  resolution: "commander@npm:11.1.0"
  checksum: 13cc6ac875e48780250f723fb81c1c1178d35c5decb1abb1b628b3177af08a8554e76b2c0f29de72d69eef7c864d12613272a71fabef8047922bc622ab75a179
  languageName: node
  linkType: hard

"compress-commons@npm:^5.0.1":
  version: 5.0.1
  resolution: "compress-commons@npm:5.0.1"
  dependencies:
    crc-32: "npm:^1.2.0"
    crc32-stream: "npm:^5.0.0"
    normalize-path: "npm:^3.0.0"
    readable-stream: "npm:^3.6.0"
  checksum: 1c604ac753b4ec643a807f3db545bf497d1e9c6f81e9132280c98d972b02bbeba087e7fb2d53f3043f9643a64a6140e9e39b94329040695d404b83a0c7f38fa2
  languageName: node
  linkType: hard

"core-util-is@npm:~1.0.0":
  version: 1.0.3
  resolution: "core-util-is@npm:1.0.3"
  checksum: 90a0e40abbddfd7618f8ccd63a74d88deea94e77d0e8dbbea059fa7ebebb8fbb4e2909667fe26f3a467073de1a542ebe6ae4c73a73745ac5833786759cd906c9
  languageName: node
  linkType: hard

"crc-32@npm:^1.2.0":
  version: 1.2.2
  resolution: "crc-32@npm:1.2.2"
  bin:
    crc32: bin/crc32.njs
  checksum: 11dcf4a2e77ee793835d49f2c028838eae58b44f50d1ff08394a610bfd817523f105d6ae4d9b5bef0aad45510f633eb23c903e9902e4409bed1ce70cb82b9bf0
  languageName: node
  linkType: hard

"crc32-stream@npm:^5.0.0":
  version: 5.0.0
  resolution: "crc32-stream@npm:5.0.0"
  dependencies:
    crc-32: "npm:^1.2.0"
    readable-stream: "npm:^3.4.0"
  checksum: bd6e6d49b76fd562eef3a4b7b64b1e551fb5dfca0a3b54fb7e59765c57468295b60755f85d3450fd61eee01dcca0974600157717cad8f356d513c28bac726a41
  languageName: node
  linkType: hard

"cross-spawn@npm:^7.0.3":
  version: 7.0.3
  resolution: "cross-spawn@npm:7.0.3"
  dependencies:
    path-key: "npm:^3.1.0"
    shebang-command: "npm:^2.0.0"
    which: "npm:^2.0.1"
  checksum: 5738c312387081c98d69c98e105b6327b069197f864a60593245d64c8089c8a0a744e16349281210d56835bb9274130d825a78b2ad6853ca13cfbeffc0c31750
  languageName: node
  linkType: hard

"defaults@npm:^1.0.3":
  version: 1.0.4
  resolution: "defaults@npm:1.0.4"
  dependencies:
    clone: "npm:^1.0.2"
  checksum: 9cfbe498f5c8ed733775db62dfd585780387d93c17477949e1670bfcfb9346e0281ce8c4bf9f4ac1fc0f9b851113bd6dc9e41182ea1644ccd97de639fa13c35a
  languageName: node
  linkType: hard

"define-data-property@npm:^1.1.1":
  version: 1.1.1
  resolution: "define-data-property@npm:1.1.1"
  dependencies:
    get-intrinsic: "npm:^1.2.1"
    gopd: "npm:^1.0.1"
    has-property-descriptors: "npm:^1.0.0"
  checksum: 77ef6e0bceb515e05b5913ab635a84d537cee84f8a7c37c77fdcb31fc5b80f6dbe81b33375e4b67d96aa04e6a0d8d4ea099e431d83f089af8d93adfb584bcb94
  languageName: node
  linkType: hard

"emoji-regex@npm:^10.3.0":
  version: 10.3.0
  resolution: "emoji-regex@npm:10.3.0"
  checksum: b4838e8dcdceb44cf47f59abe352c25ff4fe7857acaf5fb51097c427f6f75b44d052eb907a7a3b86f86bc4eae3a93f5c2b7460abe79c407307e6212d65c91163
  languageName: node
  linkType: hard

"emoji-regex@npm:^8.0.0":
  version: 8.0.0
  resolution: "emoji-regex@npm:8.0.0"
  checksum: b6053ad39951c4cf338f9092d7bfba448cdfd46fe6a2a034700b149ac9ffbc137e361cbd3c442297f86bed2e5f7576c1b54cc0a6bf8ef5106cc62f496af35010
  languageName: node
  linkType: hard

"escalade@npm:^3.1.1":
  version: 3.1.1
  resolution: "escalade@npm:3.1.1"
  checksum: afd02e6ca91ffa813e1108b5e7756566173d6bc0d1eb951cb44d6b21702ec17c1cf116cfe75d4a2b02e05acb0b808a7a9387d0d1ca5cf9c04ad03a8445c3e46d
  languageName: node
  linkType: hard

"escape-string-regexp@npm:^5.0.0":
  version: 5.0.0
  resolution: "escape-string-regexp@npm:5.0.0"
  checksum: 6366f474c6f37a802800a435232395e04e9885919873e382b157ab7e8f0feb8fed71497f84a6f6a81a49aab41815522f5839112bd38026d203aea0c91622df95
  languageName: node
  linkType: hard

"execa@npm:^8.0.1":
  version: 8.0.1
  resolution: "execa@npm:8.0.1"
  dependencies:
    cross-spawn: "npm:^7.0.3"
    get-stream: "npm:^8.0.1"
    human-signals: "npm:^5.0.0"
    is-stream: "npm:^3.0.0"
    merge-stream: "npm:^2.0.0"
    npm-run-path: "npm:^5.1.0"
    onetime: "npm:^6.0.0"
    signal-exit: "npm:^4.1.0"
    strip-final-newline: "npm:^3.0.0"
  checksum: 2c52d8775f5bf103ce8eec9c7ab3059909ba350a5164744e9947ed14a53f51687c040a250bda833f906d1283aa8803975b84e6c8f7a7c42f99dc8ef80250d1af
  languageName: node
  linkType: hard

"external-editor@npm:^3.1.0":
  version: 3.1.0
  resolution: "external-editor@npm:3.1.0"
  dependencies:
    chardet: "npm:^0.7.0"
    iconv-lite: "npm:^0.4.24"
    tmp: "npm:^0.0.33"
  checksum: c98f1ba3efdfa3c561db4447ff366a6adb5c1e2581462522c56a18bf90dfe4da382f9cd1feee3e330108c3595a854b218272539f311ba1b3298f841eb0fbf339
  languageName: node
  linkType: hard

"fast-fifo@npm:^1.1.0, fast-fifo@npm:^1.2.0":
  version: 1.3.2
  resolution: "fast-fifo@npm:1.3.2"
  checksum: d53f6f786875e8b0529f784b59b4b05d4b5c31c651710496440006a398389a579c8dbcd2081311478b5bf77f4b0b21de69109c5a4eabea9d8e8783d1eb864e4c
  languageName: node
  linkType: hard

"figures@npm:^5.0.0":
  version: 5.0.0
  resolution: "figures@npm:5.0.0"
  dependencies:
    escape-string-regexp: "npm:^5.0.0"
    is-unicode-supported: "npm:^1.2.0"
  checksum: ce0f17d4ea8b0fc429c5207c343534a2f5284ecfb22aa08607da7dc84ed9e1cf754f5b97760e8dcb98d3c9d1a1e4d3d578fe3b5b99c426f05d0f06c7ba618e16
  languageName: node
  linkType: hard

"fs.realpath@npm:^1.0.0":
  version: 1.0.0
  resolution: "fs.realpath@npm:1.0.0"
  checksum: 444cf1291d997165dfd4c0d58b69f0e4782bfd9149fd72faa4fe299e68e0e93d6db941660b37dd29153bf7186672ececa3b50b7e7249477b03fdf850f287c948
  languageName: node
  linkType: hard

"function-bind@npm:^1.1.2":
  version: 1.1.2
  resolution: "function-bind@npm:1.1.2"
  checksum: d8680ee1e5fcd4c197e4ac33b2b4dce03c71f4d91717292785703db200f5c21f977c568d28061226f9b5900cbcd2c84463646134fd5337e7925e0942bc3f46d5
  languageName: node
  linkType: hard

"get-caller-file@npm:^2.0.5":
  version: 2.0.5
  resolution: "get-caller-file@npm:2.0.5"
  checksum: c6c7b60271931fa752aeb92f2b47e355eac1af3a2673f47c9589e8f8a41adc74d45551c1bc57b5e66a80609f10ffb72b6f575e4370d61cc3f7f3aaff01757cde
  languageName: node
  linkType: hard

"get-east-asian-width@npm:^1.0.0":
  version: 1.2.0
  resolution: "get-east-asian-width@npm:1.2.0"
  checksum: 914b1e217cf38436c24b4c60b4c45289e39a45bf9e65ef9fd343c2815a1a02b8a0215aeec8bf9c07c516089004b6e3826332481f40a09529fcadbf6e579f286b
  languageName: node
  linkType: hard

"get-intrinsic@npm:^1.1.3, get-intrinsic@npm:^1.2.1, get-intrinsic@npm:^1.2.2":
  version: 1.2.2
  resolution: "get-intrinsic@npm:1.2.2"
  dependencies:
    function-bind: "npm:^1.1.2"
    has-proto: "npm:^1.0.1"
    has-symbols: "npm:^1.0.3"
    hasown: "npm:^2.0.0"
  checksum: 4e7fb8adc6172bae7c4fe579569b4d5238b3667c07931cd46b4eee74bbe6ff6b91329bec311a638d8e60f5b51f44fe5445693c6be89ae88d4b5c49f7ff12db0b
  languageName: node
  linkType: hard

"get-stream@npm:^8.0.1":
  version: 8.0.1
  resolution: "get-stream@npm:8.0.1"
  checksum: 5c2181e98202b9dae0bb4a849979291043e5892eb40312b47f0c22b9414fc9b28a3b6063d2375705eb24abc41ecf97894d9a51f64ff021511b504477b27b4290
  languageName: node
  linkType: hard

"glob@npm:^8.0.0":
  version: 8.1.0
  resolution: "glob@npm:8.1.0"
  dependencies:
    fs.realpath: "npm:^1.0.0"
    inflight: "npm:^1.0.4"
    inherits: "npm:2"
    minimatch: "npm:^5.0.1"
    once: "npm:^1.3.0"
  checksum: cb0b5cab17a59c57299376abe5646c7070f8acb89df5595b492dba3bfb43d301a46c01e5695f01154e6553168207cb60d4eaf07d3be4bc3eb9b0457c5c561d0f
  languageName: node
  linkType: hard

"gopd@npm:^1.0.1":
  version: 1.0.1
  resolution: "gopd@npm:1.0.1"
  dependencies:
    get-intrinsic: "npm:^1.1.3"
  checksum: 505c05487f7944c552cee72087bf1567debb470d4355b1335f2c262d218ebbff805cd3715448fe29b4b380bae6912561d0467233e4165830efd28da241418c63
  languageName: node
  linkType: hard

"graceful-fs@npm:^4.2.0":
  version: 4.2.11
  resolution: "graceful-fs@npm:4.2.11"
  checksum: 386d011a553e02bc594ac2ca0bd6d9e4c22d7fa8cfbfc448a6d148c59ea881b092db9dbe3547ae4b88e55f1b01f7c4a2ecc53b310c042793e63aa44cf6c257f2
  languageName: node
  linkType: hard

"has-flag@npm:^4.0.0":
  version: 4.0.0
  resolution: "has-flag@npm:4.0.0"
  checksum: 2e789c61b7888d66993e14e8331449e525ef42aac53c627cc53d1c3334e768bcb6abdc4f5f0de1478a25beec6f0bd62c7549058b7ac53e924040d4f301f02fd1
  languageName: node
  linkType: hard

"has-property-descriptors@npm:^1.0.0":
  version: 1.0.1
  resolution: "has-property-descriptors@npm:1.0.1"
  dependencies:
    get-intrinsic: "npm:^1.2.2"
  checksum: d62ba94b40150b00d621bc64a6aedb5bf0ee495308b4b7ed6bac856043db3cdfb1db553ae81cec91c9d2bd82057ff0e94145e7fa25d5aa5985ed32e0921927f6
  languageName: node
  linkType: hard

"has-proto@npm:^1.0.1":
  version: 1.0.1
  resolution: "has-proto@npm:1.0.1"
  checksum: c8a8fe411f810b23a564bd5546a8f3f0fff6f1b692740eb7a2fdc9df716ef870040806891e2f23ff4653f1083e3895bf12088703dd1a0eac3d9202d3a4768cd0
  languageName: node
  linkType: hard

"has-symbols@npm:^1.0.3":
  version: 1.0.3
  resolution: "has-symbols@npm:1.0.3"
  checksum: e6922b4345a3f37069cdfe8600febbca791c94988c01af3394d86ca3360b4b93928bbf395859158f88099cb10b19d98e3bbab7c9ff2c1bd09cf665ee90afa2c3
  languageName: node
  linkType: hard

"hasown@npm:^2.0.0":
  version: 2.0.0
  resolution: "hasown@npm:2.0.0"
  dependencies:
    function-bind: "npm:^1.1.2"
  checksum: 5d415b114f410661208c95e7ab4879f1cc2765b8daceff4dc8718317d1cb7b9ffa7c5d1eafd9a4389c9aab7445d6ea88e05f3096cb1e529618b55304956b87fc
  languageName: node
  linkType: hard

"human-signals@npm:^5.0.0":
  version: 5.0.0
  resolution: "human-signals@npm:5.0.0"
  checksum: 5a9359073fe17a8b58e5a085e9a39a950366d9f00217c4ff5878bd312e09d80f460536ea6a3f260b5943a01fe55c158d1cea3fc7bee3d0520aeef04f6d915c82
  languageName: node
  linkType: hard

"iconv-lite@npm:^0.4.24":
  version: 0.4.24
  resolution: "iconv-lite@npm:0.4.24"
  dependencies:
    safer-buffer: "npm:>= 2.1.2 < 3"
  checksum: c6886a24cc00f2a059767440ec1bc00d334a89f250db8e0f7feb4961c8727118457e27c495ba94d082e51d3baca378726cd110aaf7ded8b9bbfd6a44760cf1d4
  languageName: node
  linkType: hard

"ieee754@npm:^1.1.13":
  version: 1.2.1
  resolution: "ieee754@npm:1.2.1"
  checksum: b0782ef5e0935b9f12883a2e2aa37baa75da6e66ce6515c168697b42160807d9330de9a32ec1ed73149aea02e0d822e572bca6f1e22bdcbd2149e13b050b17bb
  languageName: node
  linkType: hard

"inflight@npm:^1.0.4":
  version: 1.0.6
  resolution: "inflight@npm:1.0.6"
  dependencies:
    once: "npm:^1.3.0"
    wrappy: "npm:1"
  checksum: 7faca22584600a9dc5b9fca2cd5feb7135ac8c935449837b315676b4c90aa4f391ec4f42240178244b5a34e8bede1948627fda392ca3191522fc46b34e985ab2
  languageName: node
  linkType: hard

"inherits@npm:2, inherits@npm:^2.0.3, inherits@npm:^2.0.4, inherits@npm:~2.0.3":
  version: 2.0.4
  resolution: "inherits@npm:2.0.4"
  checksum: 4e531f648b29039fb7426fb94075e6545faa1eb9fe83c29f0b6d9e7263aceb4289d2d4557db0d428188eeb449cc7c5e77b0a0b2c4e248ff2a65933a0dee49ef2
  languageName: node
  linkType: hard

"inquirer@npm:^9.2.12":
  version: 9.2.12
  resolution: "inquirer@npm:9.2.12"
  dependencies:
    "@ljharb/through": "npm:^2.3.11"
    ansi-escapes: "npm:^4.3.2"
    chalk: "npm:^5.3.0"
    cli-cursor: "npm:^3.1.0"
    cli-width: "npm:^4.1.0"
    external-editor: "npm:^3.1.0"
    figures: "npm:^5.0.0"
    lodash: "npm:^4.17.21"
    mute-stream: "npm:1.0.0"
    ora: "npm:^5.4.1"
    run-async: "npm:^3.0.0"
    rxjs: "npm:^7.8.1"
    string-width: "npm:^4.2.3"
    strip-ansi: "npm:^6.0.1"
    wrap-ansi: "npm:^6.2.0"
  checksum: efc19864bea5f4b22a47e686aa88684ee42352db4e96dd6307da7140496c16e5ef0e74be664fba490b068714dc24d72f66dc1907a1ccbaf9d58d6156cbdc5908
  languageName: node
  linkType: hard

"is-fullwidth-code-point@npm:^3.0.0":
  version: 3.0.0
  resolution: "is-fullwidth-code-point@npm:3.0.0"
  checksum: bb11d825e049f38e04c06373a8d72782eee0205bda9d908cc550ccb3c59b99d750ff9537982e01733c1c94a58e35400661f57042158ff5e8f3e90cf936daf0fc
  languageName: node
  linkType: hard

"is-interactive@npm:^1.0.0":
  version: 1.0.0
  resolution: "is-interactive@npm:1.0.0"
  checksum: dd47904dbf286cd20aa58c5192161be1a67138485b9836d5a70433b21a45442e9611b8498b8ab1f839fc962c7620667a50535fdfb4a6bc7989b8858645c06b4d
  languageName: node
  linkType: hard

"is-interactive@npm:^2.0.0":
  version: 2.0.0
  resolution: "is-interactive@npm:2.0.0"
  checksum: 801c8f6064f85199dc6bf99b5dd98db3282e930c3bc197b32f2c5b89313bb578a07d1b8a01365c4348c2927229234f3681eb861b9c2c92bee72ff397390fa600
  languageName: node
  linkType: hard

"is-stream@npm:^3.0.0":
  version: 3.0.0
  resolution: "is-stream@npm:3.0.0"
  checksum: eb2f7127af02ee9aa2a0237b730e47ac2de0d4e76a4a905a50a11557f2339df5765eaea4ceb8029f1efa978586abe776908720bfcb1900c20c6ec5145f6f29d8
  languageName: node
  linkType: hard

"is-unicode-supported@npm:^0.1.0":
  version: 0.1.0
  resolution: "is-unicode-supported@npm:0.1.0"
  checksum: 00cbe3455c3756be68d2542c416cab888aebd5012781d6819749fefb15162ff23e38501fe681b3d751c73e8ff561ac09a5293eba6f58fdf0178462ce6dcb3453
  languageName: node
  linkType: hard

"is-unicode-supported@npm:^1.2.0, is-unicode-supported@npm:^1.3.0":
  version: 1.3.0
  resolution: "is-unicode-supported@npm:1.3.0"
  checksum: b8674ea95d869f6faabddc6a484767207058b91aea0250803cbf1221345cb0c56f466d4ecea375dc77f6633d248d33c47bd296fb8f4cdba0b4edba8917e83d8a
  languageName: node
  linkType: hard

"is-unicode-supported@npm:^2.0.0":
  version: 2.0.0
  resolution: "is-unicode-supported@npm:2.0.0"
  checksum: 3013dfb8265fe9f9a0d1e9433fc4e766595631a8d85d60876c457b4bedc066768dab1477c553d02e2f626d88a4e019162706e04263c94d74994ef636a33b5f94
  languageName: node
  linkType: hard

"isarray@npm:~1.0.0":
  version: 1.0.0
  resolution: "isarray@npm:1.0.0"
  checksum: 18b5be6669be53425f0b84098732670ed4e727e3af33bc7f948aac01782110eb9a18b3b329c5323bcdd3acdaae547ee077d3951317e7f133bff7105264b3003d
  languageName: node
  linkType: hard

"isexe@npm:^2.0.0":
  version: 2.0.0
  resolution: "isexe@npm:2.0.0"
  checksum: 228cfa503fadc2c31596ab06ed6aa82c9976eec2bfd83397e7eaf06d0ccf42cd1dfd6743bf9aeb01aebd4156d009994c5f76ea898d2832c1fe342da923ca457d
  languageName: node
  linkType: hard

"lazystream@npm:^1.0.0":
  version: 1.0.1
  resolution: "lazystream@npm:1.0.1"
  dependencies:
    readable-stream: "npm:^2.0.5"
  checksum: ea4e509a5226ecfcc303ba6782cc269be8867d372b9bcbd625c88955df1987ea1a20da4643bf9270336415a398d33531ebf0d5f0d393b9283dc7c98bfcbd7b69
  languageName: node
  linkType: hard

"lodash@npm:^4.17.15, lodash@npm:^4.17.21":
  version: 4.17.21
  resolution: "lodash@npm:4.17.21"
  checksum: d8cbea072bb08655bb4c989da418994b073a608dffa608b09ac04b43a791b12aeae7cd7ad919aa4c925f33b48490b5cfe6c1f71d827956071dae2e7bb3a6b74c
  languageName: node
  linkType: hard

"log-symbols@npm:^4.1.0":
  version: 4.1.0
  resolution: "log-symbols@npm:4.1.0"
  dependencies:
    chalk: "npm:^4.1.0"
    is-unicode-supported: "npm:^0.1.0"
  checksum: 67f445a9ffa76db1989d0fa98586e5bc2fd5247260dafb8ad93d9f0ccd5896d53fb830b0e54dade5ad838b9de2006c826831a3c528913093af20dff8bd24aca6
  languageName: node
  linkType: hard

"log-symbols@npm:^6.0.0":
  version: 6.0.0
  resolution: "log-symbols@npm:6.0.0"
  dependencies:
    chalk: "npm:^5.3.0"
    is-unicode-supported: "npm:^1.3.0"
  checksum: 36636cacedba8f067d2deb4aad44e91a89d9efb3ead27e1846e7b82c9a10ea2e3a7bd6ce28a7ca616bebc60954ff25c67b0f92d20a6a746bb3cc52c3701891f6
  languageName: node
  linkType: hard

"lru-cache@npm:^6.0.0":
  version: 6.0.0
  resolution: "lru-cache@npm:6.0.0"
  dependencies:
    yallist: "npm:^4.0.0"
  checksum: cb53e582785c48187d7a188d3379c181b5ca2a9c78d2bce3e7dee36f32761d1c42983da3fe12b55cb74e1779fa94cdc2e5367c028a9b35317184ede0c07a30a9
  languageName: node
  linkType: hard

"lune-mod@workspace:.":
  version: 0.0.0-use.local
  resolution: "lune-mod@workspace:."
  dependencies:
    archiver: "npm:^6.0.1"
    commander: "npm:^11.1.0"
    execa: "npm:^8.0.1"
    inquirer: "npm:^9.2.12"
    ora: "npm:^8.0.1"
    ora-classic: "npm:^5.4.2"
    semver: "npm:^7.5.4"
    yargs: "npm:^17.7.2"
  languageName: unknown
  linkType: soft

"merge-stream@npm:^2.0.0":
  version: 2.0.0
  resolution: "merge-stream@npm:2.0.0"
  checksum: 867fdbb30a6d58b011449b8885601ec1690c3e41c759ecd5a9d609094f7aed0096c37823ff4a7190ef0b8f22cc86beb7049196ff68c016e3b3c671d0dac91ce5
  languageName: node
  linkType: hard

"mimic-fn@npm:^2.1.0":
  version: 2.1.0
  resolution: "mimic-fn@npm:2.1.0"
  checksum: b26f5479d7ec6cc2bce275a08f146cf78f5e7b661b18114e2506dd91ec7ec47e7a25bf4360e5438094db0560bcc868079fb3b1fb3892b833c1ecbf63f80c95a4
  languageName: node
  linkType: hard

"mimic-fn@npm:^4.0.0":
  version: 4.0.0
  resolution: "mimic-fn@npm:4.0.0"
  checksum: de9cc32be9996fd941e512248338e43407f63f6d497abe8441fa33447d922e927de54d4cc3c1a3c6d652857acd770389d5a3823f311a744132760ce2be15ccbf
  languageName: node
  linkType: hard

"minimatch@npm:^5.0.1, minimatch@npm:^5.1.0":
  version: 5.1.6
  resolution: "minimatch@npm:5.1.6"
  dependencies:
    brace-expansion: "npm:^2.0.1"
  checksum: 3defdfd230914f22a8da203747c42ee3c405c39d4d37ffda284dac5e45b7e1f6c49aa8be606509002898e73091ff2a3bbfc59c2c6c71d4660609f63aa92f98e3
  languageName: node
  linkType: hard

"mute-stream@npm:1.0.0":
  version: 1.0.0
  resolution: "mute-stream@npm:1.0.0"
  checksum: dce2a9ccda171ec979a3b4f869a102b1343dee35e920146776780de182f16eae459644d187e38d59a3d37adf85685e1c17c38cf7bfda7e39a9880f7a1d10a74c
  languageName: node
  linkType: hard

"normalize-path@npm:^3.0.0":
  version: 3.0.0
  resolution: "normalize-path@npm:3.0.0"
  checksum: e008c8142bcc335b5e38cf0d63cfd39d6cf2d97480af9abdbe9a439221fd4d749763bab492a8ee708ce7a194bb00c9da6d0a115018672310850489137b3da046
  languageName: node
  linkType: hard

"npm-run-path@npm:^5.1.0":
  version: 5.2.0
  resolution: "npm-run-path@npm:5.2.0"
  dependencies:
    path-key: "npm:^4.0.0"
  checksum: 7963c1f98e42afebe9524a08b0881477ec145aab34f6018842a315422b25ad40e015bdee709b697571e5efda2ecfa2640ee917d92674e4de1166fa3532a211b1
  languageName: node
  linkType: hard

"once@npm:^1.3.0":
  version: 1.4.0
  resolution: "once@npm:1.4.0"
  dependencies:
    wrappy: "npm:1"
  checksum: 5d48aca287dfefabd756621c5dfce5c91a549a93e9fdb7b8246bc4c4790aa2ec17b34a260530474635147aeb631a2dcc8b32c613df0675f96041cbb8244517d0
  languageName: node
  linkType: hard

"onetime@npm:^5.1.0":
  version: 5.1.2
  resolution: "onetime@npm:5.1.2"
  dependencies:
    mimic-fn: "npm:^2.1.0"
  checksum: ffcef6fbb2692c3c40749f31ea2e22677a876daea92959b8a80b521d95cca7a668c884d8b2045d1d8ee7d56796aa405c405462af112a1477594cc63531baeb8f
  languageName: node
  linkType: hard

"onetime@npm:^6.0.0":
  version: 6.0.0
  resolution: "onetime@npm:6.0.0"
  dependencies:
    mimic-fn: "npm:^4.0.0"
  checksum: 4eef7c6abfef697dd4479345a4100c382d73c149d2d56170a54a07418c50816937ad09500e1ed1e79d235989d073a9bade8557122aee24f0576ecde0f392bb6c
  languageName: node
  linkType: hard

"ora-classic@npm:^5.4.2":
  version: 5.4.2
  resolution: "ora-classic@npm:5.4.2"
  dependencies:
    bl: "npm:^4.1.0"
    chalk: "npm:^4.1.0"
    cli-cursor: "npm:^3.1.0"
    cli-spinners: "npm:^2.5.0"
    is-interactive: "npm:^1.0.0"
    is-unicode-supported: "npm:^0.1.0"
    log-symbols: "npm:^4.1.0"
    strip-ansi: "npm:^6.0.0"
    wcwidth: "npm:^1.0.1"
  checksum: 929309b88a521a3b95a00747222b93b8f8a37fb61ae96a0dfe58fde448f7f60d3d16a7b516295e3f4c42a38fcd36a302e7414ba35fb1546b38c4c24e226a3f17
  languageName: node
  linkType: hard

"ora@npm:^5.4.1":
  version: 5.4.1
  resolution: "ora@npm:5.4.1"
  dependencies:
    bl: "npm:^4.1.0"
    chalk: "npm:^4.1.0"
    cli-cursor: "npm:^3.1.0"
    cli-spinners: "npm:^2.5.0"
    is-interactive: "npm:^1.0.0"
    is-unicode-supported: "npm:^0.1.0"
    log-symbols: "npm:^4.1.0"
    strip-ansi: "npm:^6.0.0"
    wcwidth: "npm:^1.0.1"
  checksum: 10ff14aace236d0e2f044193362b22edce4784add08b779eccc8f8ef97195cae1248db8ec1ec5f5ff076f91acbe573f5f42a98c19b78dba8c54eefff983cae85
  languageName: node
  linkType: hard

"ora@npm:^8.0.1":
  version: 8.0.1
  resolution: "ora@npm:8.0.1"
  dependencies:
    chalk: "npm:^5.3.0"
    cli-cursor: "npm:^4.0.0"
    cli-spinners: "npm:^2.9.2"
    is-interactive: "npm:^2.0.0"
    is-unicode-supported: "npm:^2.0.0"
    log-symbols: "npm:^6.0.0"
    stdin-discarder: "npm:^0.2.1"
    string-width: "npm:^7.0.0"
    strip-ansi: "npm:^7.1.0"
  checksum: 7a94c075a7f182a6ace80c3505b945520ab16e05ebe536a714a3d61e51dd8f777c75c8be920e157e0c60ada6fe89bca37376897fb4d486bea5771229be992097
  languageName: node
  linkType: hard

"os-tmpdir@npm:~1.0.2":
  version: 1.0.2
  resolution: "os-tmpdir@npm:1.0.2"
  checksum: f438450224f8e2687605a8dd318f0db694b6293c5d835ae509a69e97c8de38b6994645337e5577f5001115470414638978cc49da1cdcc25106dad8738dc69990
  languageName: node
  linkType: hard

"path-key@npm:^3.1.0":
  version: 3.1.1
  resolution: "path-key@npm:3.1.1"
  checksum: 748c43efd5a569c039d7a00a03b58eecd1d75f3999f5a28303d75f521288df4823bc057d8784eb72358b2895a05f29a070bc9f1f17d28226cc4e62494cc58c4c
  languageName: node
  linkType: hard

"path-key@npm:^4.0.0":
  version: 4.0.0
  resolution: "path-key@npm:4.0.0"
  checksum: 794efeef32863a65ac312f3c0b0a99f921f3e827ff63afa5cb09a377e202c262b671f7b3832a4e64731003fa94af0263713962d317b9887bd1e0c48a342efba3
  languageName: node
  linkType: hard

"process-nextick-args@npm:~2.0.0":
  version: 2.0.1
  resolution: "process-nextick-args@npm:2.0.1"
  checksum: bec089239487833d46b59d80327a1605e1c5287eaad770a291add7f45fda1bb5e28b38e0e061add0a1d0ee0984788ce74fa394d345eed1c420cacf392c554367
  languageName: node
  linkType: hard

"queue-tick@npm:^1.0.1":
  version: 1.0.1
  resolution: "queue-tick@npm:1.0.1"
  checksum: 0db998e2c9b15215317dbcf801e9b23e6bcde4044e115155dae34f8e7454b9a783f737c9a725528d677b7a66c775eb7a955cf144fe0b87f62b575ce5bfd515a9
  languageName: node
  linkType: hard

"readable-stream@npm:^2.0.5":
  version: 2.3.8
  resolution: "readable-stream@npm:2.3.8"
  dependencies:
    core-util-is: "npm:~1.0.0"
    inherits: "npm:~2.0.3"
    isarray: "npm:~1.0.0"
    process-nextick-args: "npm:~2.0.0"
    safe-buffer: "npm:~5.1.1"
    string_decoder: "npm:~1.1.1"
    util-deprecate: "npm:~1.0.1"
  checksum: 7efdb01f3853bc35ac62ea25493567bf588773213f5f4a79f9c365e1ad13bab845ac0dae7bc946270dc40c3929483228415e92a3fc600cc7e4548992f41ee3fa
  languageName: node
  linkType: hard

"readable-stream@npm:^3.4.0, readable-stream@npm:^3.6.0":
  version: 3.6.2
  resolution: "readable-stream@npm:3.6.2"
  dependencies:
    inherits: "npm:^2.0.3"
    string_decoder: "npm:^1.1.1"
    util-deprecate: "npm:^1.0.1"
  checksum: e37be5c79c376fdd088a45fa31ea2e423e5d48854be7a22a58869b4e84d25047b193f6acb54f1012331e1bcd667ffb569c01b99d36b0bd59658fb33f513511b7
  languageName: node
  linkType: hard

"readdir-glob@npm:^1.1.2":
  version: 1.1.3
  resolution: "readdir-glob@npm:1.1.3"
  dependencies:
    minimatch: "npm:^5.1.0"
  checksum: a37e0716726650845d761f1041387acd93aa91b28dd5381950733f994b6c349ddc1e21e266ec7cc1f9b92e205a7a972232f9b89d5424d07361c2c3753d5dbace
  languageName: node
  linkType: hard

"require-directory@npm:^2.1.1":
  version: 2.1.1
  resolution: "require-directory@npm:2.1.1"
  checksum: 83aa76a7bc1531f68d92c75a2ca2f54f1b01463cb566cf3fbc787d0de8be30c9dbc211d1d46be3497dac5785fe296f2dd11d531945ac29730643357978966e99
  languageName: node
  linkType: hard

"restore-cursor@npm:^3.1.0":
  version: 3.1.0
  resolution: "restore-cursor@npm:3.1.0"
  dependencies:
    onetime: "npm:^5.1.0"
    signal-exit: "npm:^3.0.2"
  checksum: 8051a371d6aa67ff21625fa94e2357bd81ffdc96267f3fb0fc4aaf4534028343836548ef34c240ffa8c25b280ca35eb36be00b3cb2133fa4f51896d7e73c6b4f
  languageName: node
  linkType: hard

"restore-cursor@npm:^4.0.0":
  version: 4.0.0
  resolution: "restore-cursor@npm:4.0.0"
  dependencies:
    onetime: "npm:^5.1.0"
    signal-exit: "npm:^3.0.2"
  checksum: 6f7da8c5e422ac26aa38354870b1afac09963572cf2879443540449068cb43476e9cbccf6f8de3e0171e0d6f7f533c2bc1a0a008003c9a525bbc098e89041318
  languageName: node
  linkType: hard

"run-async@npm:^3.0.0":
  version: 3.0.0
  resolution: "run-async@npm:3.0.0"
  checksum: b18b562ae37c3020083dcaae29642e4cc360c824fbfb6b7d50d809a9d5227bb986152d09310255842c8dce40526e82ca768f02f00806c91ba92a8dfa6159cb85
  languageName: node
  linkType: hard

"rxjs@npm:^7.8.1":
  version: 7.8.1
  resolution: "rxjs@npm:7.8.1"
  dependencies:
    tslib: "npm:^2.1.0"
  checksum: 3c49c1ecd66170b175c9cacf5cef67f8914dcbc7cd0162855538d365c83fea631167cacb644b3ce533b2ea0e9a4d0b12175186985f89d75abe73dbd8f7f06f68
  languageName: node
  linkType: hard

"safe-buffer@npm:~5.1.0, safe-buffer@npm:~5.1.1":
  version: 5.1.2
  resolution: "safe-buffer@npm:5.1.2"
  checksum: 780ba6b5d99cc9a40f7b951d47152297d0e260f0df01472a1b99d4889679a4b94a13d644f7dbc4f022572f09ae9005fa2fbb93bbbd83643316f365a3e9a45b21
  languageName: node
  linkType: hard

"safe-buffer@npm:~5.2.0":
  version: 5.2.1
  resolution: "safe-buffer@npm:5.2.1"
  checksum: 6501914237c0a86e9675d4e51d89ca3c21ffd6a31642efeba25ad65720bce6921c9e7e974e5be91a786b25aa058b5303285d3c15dbabf983a919f5f630d349f3
  languageName: node
  linkType: hard

"safer-buffer@npm:>= 2.1.2 < 3":
  version: 2.1.2
  resolution: "safer-buffer@npm:2.1.2"
  checksum: 7e3c8b2e88a1841c9671094bbaeebd94448111dd90a81a1f606f3f67708a6ec57763b3b47f06da09fc6054193e0e6709e77325415dc8422b04497a8070fa02d4
  languageName: node
  linkType: hard

"semver@npm:^7.5.4":
  version: 7.5.4
  resolution: "semver@npm:7.5.4"
  dependencies:
    lru-cache: "npm:^6.0.0"
  bin:
    semver: bin/semver.js
  checksum: 5160b06975a38b11c1ab55950cb5b8a23db78df88275d3d8a42ccf1f29e55112ac995b3a26a522c36e3b5f76b0445f1eef70d696b8c7862a2b4303d7b0e7609e
  languageName: node
  linkType: hard

"set-function-length@npm:^1.1.1":
  version: 1.1.1
  resolution: "set-function-length@npm:1.1.1"
  dependencies:
    define-data-property: "npm:^1.1.1"
    get-intrinsic: "npm:^1.2.1"
    gopd: "npm:^1.0.1"
    has-property-descriptors: "npm:^1.0.0"
  checksum: a29e255c116c29e3323b851c4f46c58c91be9bb8b065f191e2ea1807cb2c839df56e3175732a498e0c6d54626ba6b6fef896bf699feb7ab70c42dc47eb247c95
  languageName: node
  linkType: hard

"shebang-command@npm:^2.0.0":
  version: 2.0.0
  resolution: "shebang-command@npm:2.0.0"
  dependencies:
    shebang-regex: "npm:^3.0.0"
  checksum: a41692e7d89a553ef21d324a5cceb5f686d1f3c040759c50aab69688634688c5c327f26f3ecf7001ebfd78c01f3c7c0a11a7c8bfd0a8bc9f6240d4f40b224e4e
  languageName: node
  linkType: hard

"shebang-regex@npm:^3.0.0":
  version: 3.0.0
  resolution: "shebang-regex@npm:3.0.0"
  checksum: 1dbed0726dd0e1152a92696c76c7f06084eb32a90f0528d11acd764043aacf76994b2fb30aa1291a21bd019d6699164d048286309a278855ee7bec06cf6fb690
  languageName: node
  linkType: hard

"signal-exit@npm:^3.0.2":
  version: 3.0.7
  resolution: "signal-exit@npm:3.0.7"
  checksum: 25d272fa73e146048565e08f3309d5b942c1979a6f4a58a8c59d5fa299728e9c2fcd1a759ec870863b1fd38653670240cd420dad2ad9330c71f36608a6a1c912
  languageName: node
  linkType: hard

"signal-exit@npm:^4.1.0":
  version: 4.1.0
  resolution: "signal-exit@npm:4.1.0"
  checksum: 41602dce540e46d599edba9d9860193398d135f7ff72cab629db5171516cfae628d21e7bfccde1bbfdf11c48726bc2a6d1a8fb8701125852fbfda7cf19c6aa83
  languageName: node
  linkType: hard

"stdin-discarder@npm:^0.2.1":
  version: 0.2.1
  resolution: "stdin-discarder@npm:0.2.1"
  checksum: 77e2117d40a361ba8df007406004c4101b3e12d00f93c38bd9ab7251a12804e32f9cce470b905b24566257662afede299ff6d83645f0f982f570d09449f5f9b3
  languageName: node
  linkType: hard

"streamx@npm:^2.15.0":
  version: 2.15.6
  resolution: "streamx@npm:2.15.6"
  dependencies:
    fast-fifo: "npm:^1.1.0"
    queue-tick: "npm:^1.0.1"
  checksum: 3a763cbd96d335de7f28e211f080273fa7f077999284ad82884bdf331d5fcf240be33414b0eedecaa78a39ad10d833403c82c162f556f166bc8292447e84ef66
  languageName: node
  linkType: hard

"string-width@npm:^4.1.0, string-width@npm:^4.2.0, string-width@npm:^4.2.3":
  version: 4.2.3
  resolution: "string-width@npm:4.2.3"
  dependencies:
    emoji-regex: "npm:^8.0.0"
    is-fullwidth-code-point: "npm:^3.0.0"
    strip-ansi: "npm:^6.0.1"
  checksum: 1e525e92e5eae0afd7454086eed9c818ee84374bb80328fc41217ae72ff5f065ef1c9d7f72da41de40c75fa8bb3dee63d92373fd492c84260a552c636392a47b
  languageName: node
  linkType: hard

"string-width@npm:^7.0.0":
  version: 7.0.0
  resolution: "string-width@npm:7.0.0"
  dependencies:
    emoji-regex: "npm:^10.3.0"
    get-east-asian-width: "npm:^1.0.0"
    strip-ansi: "npm:^7.1.0"
  checksum: 8ffaeeccf4a56ccce5b6235d0b99ee3a581e3e3e5d453708efe7aa8e264fa3a858b4fe2244310cb71c6a20d8c05921cedc8b2ccd88cbaad9f5c92051ff68edc6
  languageName: node
  linkType: hard

"string_decoder@npm:^1.1.1":
  version: 1.3.0
  resolution: "string_decoder@npm:1.3.0"
  dependencies:
    safe-buffer: "npm:~5.2.0"
  checksum: 810614ddb030e271cd591935dcd5956b2410dd079d64ff92a1844d6b7588bf992b3e1b69b0f4d34a3e06e0bd73046ac646b5264c1987b20d0601f81ef35d731d
  languageName: node
  linkType: hard

"string_decoder@npm:~1.1.1":
  version: 1.1.1
  resolution: "string_decoder@npm:1.1.1"
  dependencies:
    safe-buffer: "npm:~5.1.0"
  checksum: b4f89f3a92fd101b5653ca3c99550e07bdf9e13b35037e9e2a1c7b47cec4e55e06ff3fc468e314a0b5e80bfbaf65c1ca5a84978764884ae9413bec1fc6ca924e
  languageName: node
  linkType: hard

"strip-ansi@npm:^6.0.0, strip-ansi@npm:^6.0.1":
  version: 6.0.1
  resolution: "strip-ansi@npm:6.0.1"
  dependencies:
    ansi-regex: "npm:^5.0.1"
  checksum: 1ae5f212a126fe5b167707f716942490e3933085a5ff6c008ab97ab2f272c8025d3aa218b7bd6ab25729ca20cc81cddb252102f8751e13482a5199e873680952
  languageName: node
  linkType: hard

"strip-ansi@npm:^7.1.0":
  version: 7.1.0
  resolution: "strip-ansi@npm:7.1.0"
  dependencies:
    ansi-regex: "npm:^6.0.1"
  checksum: a198c3762e8832505328cbf9e8c8381de14a4fa50a4f9b2160138158ea88c0f5549fb50cb13c651c3088f47e63a108b34622ec18c0499b6c8c3a5ddf6b305ac4
  languageName: node
  linkType: hard

"strip-final-newline@npm:^3.0.0":
  version: 3.0.0
  resolution: "strip-final-newline@npm:3.0.0"
  checksum: a771a17901427bac6293fd416db7577e2bc1c34a19d38351e9d5478c3c415f523f391003b42ed475f27e33a78233035df183525395f731d3bfb8cdcbd4da08ce
  languageName: node
  linkType: hard

"supports-color@npm:^7.1.0":
  version: 7.2.0
  resolution: "supports-color@npm:7.2.0"
  dependencies:
    has-flag: "npm:^4.0.0"
  checksum: afb4c88521b8b136b5f5f95160c98dee7243dc79d5432db7efc27efb219385bbc7d9427398e43dd6cc730a0f87d5085ce1652af7efbe391327bc0a7d0f7fc124
  languageName: node
  linkType: hard

"tar-stream@npm:^3.0.0":
  version: 3.1.6
  resolution: "tar-stream@npm:3.1.6"
  dependencies:
    b4a: "npm:^1.6.4"
    fast-fifo: "npm:^1.2.0"
    streamx: "npm:^2.15.0"
  checksum: 7d52d1a56eb25b8434c9544becb737eb6c4f0ed19d205e739fdd2537ad8d1d623a6c93f7f8e58d9028cb0cdf86c0d8b67164e070cd1702cc78b8ab7cba0f3702
  languageName: node
  linkType: hard

"tmp@npm:^0.0.33":
  version: 0.0.33
  resolution: "tmp@npm:0.0.33"
  dependencies:
    os-tmpdir: "npm:~1.0.2"
  checksum: 69863947b8c29cabad43fe0ce65cec5bb4b481d15d4b4b21e036b060b3edbf3bc7a5541de1bacb437bb3f7c4538f669752627fdf9b4aaf034cebd172ba373408
  languageName: node
  linkType: hard

"tslib@npm:^2.1.0":
  version: 2.6.2
  resolution: "tslib@npm:2.6.2"
  checksum: e03a8a4271152c8b26604ed45535954c0a45296e32445b4b87f8a5abdb2421f40b59b4ca437c4346af0f28179780d604094eb64546bee2019d903d01c6c19bdb
  languageName: node
  linkType: hard

"type-fest@npm:^0.21.3":
  version: 0.21.3
  resolution: "type-fest@npm:0.21.3"
  checksum: 902bd57bfa30d51d4779b641c2bc403cdf1371fb9c91d3c058b0133694fcfdb817aef07a47f40faf79039eecbaa39ee9d3c532deff244f3a19ce68cea71a61e8
  languageName: node
  linkType: hard

"util-deprecate@npm:^1.0.1, util-deprecate@npm:~1.0.1":
  version: 1.0.2
  resolution: "util-deprecate@npm:1.0.2"
  checksum: 41a5bdd214df2f6c3ecf8622745e4a366c4adced864bc3c833739791aeeeb1838119af7daed4ba36428114b5c67dcda034a79c882e97e43c03e66a4dd7389942
  languageName: node
  linkType: hard

"wcwidth@npm:^1.0.1":
  version: 1.0.1
  resolution: "wcwidth@npm:1.0.1"
  dependencies:
    defaults: "npm:^1.0.3"
  checksum: 5b61ca583a95e2dd85d7078400190efd452e05751a64accb8c06ce4db65d7e0b0cde9917d705e826a2e05cc2548f61efde115ffa374c3e436d04be45c889e5b4
  languageName: node
  linkType: hard

"which@npm:^2.0.1":
  version: 2.0.2
  resolution: "which@npm:2.0.2"
  dependencies:
    isexe: "npm:^2.0.0"
  bin:
    node-which: ./bin/node-which
  checksum: 66522872a768b60c2a65a57e8ad184e5372f5b6a9ca6d5f033d4b0dc98aff63995655a7503b9c0a2598936f532120e81dd8cc155e2e92ed662a2b9377cc4374f
  languageName: node
  linkType: hard

"wrap-ansi@npm:^6.2.0":
  version: 6.2.0
  resolution: "wrap-ansi@npm:6.2.0"
  dependencies:
    ansi-styles: "npm:^4.0.0"
    string-width: "npm:^4.1.0"
    strip-ansi: "npm:^6.0.0"
  checksum: baad244e6e33335ea24e86e51868fe6823626e3a3c88d9a6674642afff1d34d9a154c917e74af8d845fd25d170c4ea9cf69a47133c3f3656e1252b3d462d9f6c
  languageName: node
  linkType: hard

"wrap-ansi@npm:^7.0.0":
  version: 7.0.0
  resolution: "wrap-ansi@npm:7.0.0"
  dependencies:
    ansi-styles: "npm:^4.0.0"
    string-width: "npm:^4.1.0"
    strip-ansi: "npm:^6.0.0"
  checksum: d15fc12c11e4cbc4044a552129ebc75ee3f57aa9c1958373a4db0292d72282f54373b536103987a4a7594db1ef6a4f10acf92978f79b98c49306a4b58c77d4da
  languageName: node
  linkType: hard

"wrappy@npm:1":
  version: 1.0.2
  resolution: "wrappy@npm:1.0.2"
  checksum: 56fece1a4018c6a6c8e28fbc88c87e0fbf4ea8fd64fc6c63b18f4acc4bd13e0ad2515189786dd2c30d3eec9663d70f4ecf699330002f8ccb547e4a18231fc9f0
  languageName: node
  linkType: hard

"y18n@npm:^5.0.5":
  version: 5.0.8
  resolution: "y18n@npm:5.0.8"
  checksum: 4df2842c36e468590c3691c894bc9cdbac41f520566e76e24f59401ba7d8b4811eb1e34524d57e54bc6d864bcb66baab7ffd9ca42bf1eda596618f9162b91249
  languageName: node
  linkType: hard

"yallist@npm:^4.0.0":
  version: 4.0.0
  resolution: "yallist@npm:4.0.0"
  checksum: 2286b5e8dbfe22204ab66e2ef5cc9bbb1e55dfc873bbe0d568aa943eb255d131890dfd5bf243637273d31119b870f49c18fcde2c6ffbb7a7a092b870dc90625a
  languageName: node
  linkType: hard

"yargs-parser@npm:^21.1.1":
  version: 21.1.1
  resolution: "yargs-parser@npm:21.1.1"
  checksum: f84b5e48169479d2f402239c59f084cfd1c3acc197a05c59b98bab067452e6b3ea46d4dd8ba2985ba7b3d32a343d77df0debd6b343e5dae3da2aab2cdf5886b2
  languageName: node
  linkType: hard

"yargs@npm:^17.7.2":
  version: 17.7.2
  resolution: "yargs@npm:17.7.2"
  dependencies:
    cliui: "npm:^8.0.1"
    escalade: "npm:^3.1.1"
    get-caller-file: "npm:^2.0.5"
    require-directory: "npm:^2.1.1"
    string-width: "npm:^4.2.3"
    y18n: "npm:^5.0.5"
    yargs-parser: "npm:^21.1.1"
  checksum: ccd7e723e61ad5965fffbb791366db689572b80cca80e0f96aad968dfff4156cd7cd1ad18607afe1046d8241e6fb2d6c08bf7fa7bfb5eaec818735d8feac8f05
  languageName: node
  linkType: hard

"zip-stream@npm:^5.0.1":
  version: 5.0.1
  resolution: "zip-stream@npm:5.0.1"
  dependencies:
    archiver-utils: "npm:^4.0.1"
    compress-commons: "npm:^5.0.1"
    readable-stream: "npm:^3.6.0"
  checksum: 18b4ecf28824bd165709de5056d53cf611f07e0b7578508fa94c497f17164722dc19a0739ea8b2c1a296de7d3f70f7ad558e7a3a4929240fb2730afc5fd60679
  languageName: node
  linkType: hard
